// !$*UTF8*$!
{
	archiveVersion = 1;
	classes = {
	};
	objectVersion = 48;
	objects = {

/* Begin PBXBuildFile section */
		02A0EF6552B8FA2E8EEB8569 /* Pods_Api.framework in Frameworks */ = {isa = PBXBuildFile; fileRef = 9E247D272FA029EE7F342FAD /* Pods_Api.framework */; };
		586113F224743FDC0046D472 /* CollectionViewCell.swift in Sources */ = {isa = PBXBuildFile; fileRef = 586113F124743FDC0046D472 /* CollectionViewCell.swift */; };
		58885DFA247439AD00BD1089 /* AppDelegate.swift in Sources */ = {isa = PBXBuildFile; fileRef = 58885DF9247439AD00BD1089 /* AppDelegate.swift */; };
		58885DFC247439AD00BD1089 /* ViewController.swift in Sources */ = {isa = PBXBuildFile; fileRef = 58885DFB247439AD00BD1089 /* ViewController.swift */; };
		58885DFF247439AD00BD1089 /* Main.storyboard in Resources */ = {isa = PBXBuildFile; fileRef = 58885DFD247439AD00BD1089 /* Main.storyboard */; };
		58885E01247439AD00BD1089 /* Assets.xcassets in Resources */ = {isa = PBXBuildFile; fileRef = 58885E00247439AD00BD1089 /* Assets.xcassets */; };
		58885E04247439AD00BD1089 /* LaunchScreen.storyboard in Resources */ = {isa = PBXBuildFile; fileRef = 58885E02247439AD00BD1089 /* LaunchScreen.storyboard */; };
/* End PBXBuildFile section */

/* Begin PBXFileReference section */
		3CFA8912C39323E7FEF86CBC /* Pods-Api.release.xcconfig */ = {isa = PBXFileReference; includeInIndex = 1; lastKnownFileType = text.xcconfig; name = "Pods-Api.release.xcconfig"; path = "Target Support Files/Pods-Api/Pods-Api.release.xcconfig"; sourceTree = "<group>"; };
		586113F124743FDC0046D472 /* CollectionViewCell.swift */ = {isa = PBXFileReference; lastKnownFileType = sourcecode.swift; path = CollectionViewCell.swift; sourceTree = "<group>"; };
		58885DF6247439AD00BD1089 /* Api.app */ = {isa = PBXFileReference; explicitFileType = wrapper.application; includeInIndex = 0; path = Api.app; sourceTree = BUILT_PRODUCTS_DIR; };
		58885DF9247439AD00BD1089 /* AppDelegate.swift */ = {isa = PBXFileReference; lastKnownFileType = sourcecode.swift; path = AppDelegate.swift; sourceTree = "<group>"; };
		58885DFB247439AD00BD1089 /* ViewController.swift */ = {isa = PBXFileReference; lastKnownFileType = sourcecode.swift; path = ViewController.swift; sourceTree = "<group>"; };
		58885DFE247439AD00BD1089 /* Base */ = {isa = PBXFileReference; lastKnownFileType = file.storyboard; name = Base; path = Base.lproj/Main.storyboard; sourceTree = "<group>"; };
		58885E00247439AD00BD1089 /* Assets.xcassets */ = {isa = PBXFileReference; lastKnownFileType = folder.assetcatalog; path = Assets.xcassets; sourceTree = "<group>"; };
		58885E03247439AD00BD1089 /* Base */ = {isa = PBXFileReference; lastKnownFileType = file.storyboard; name = Base; path = Base.lproj/LaunchScreen.storyboard; sourceTree = "<group>"; };
		58885E05247439AD00BD1089 /* Info.plist */ = {isa = PBXFileReference; lastKnownFileType = text.plist.xml; path = Info.plist; sourceTree = "<group>"; };
		9E247D272FA029EE7F342FAD /* Pods_Api.framework */ = {isa = PBXFileReference; explicitFileType = wrapper.framework; includeInIndex = 0; path = Pods_Api.framework; sourceTree = BUILT_PRODUCTS_DIR; };
		B7909DE342A14DD2CF2B8C2C /* Pods-Api.debug.xcconfig */ = {isa = PBXFileReference; includeInIndex = 1; lastKnownFileType = text.xcconfig; name = "Pods-Api.debug.xcconfig"; path = "Target Support Files/Pods-Api/Pods-Api.debug.xcconfig"; sourceTree = "<group>"; };
/* End PBXFileReference section */

/* Begin PBXFrameworksBuildPhase section */
		58885DF3247439AD00BD1089 /* Frameworks */ = {
			isa = PBXFrameworksBuildPhase;
			buildActionMask = 2147483647;
			files = (
				02A0EF6552B8FA2E8EEB8569 /* Pods_Api.framework in Frameworks */,
			);
			runOnlyForDeploymentPostprocessing = 0;
		};
/* End PBXFrameworksBuildPhase section */

/* Begin PBXGroup section */
		54EF513D292CB10AAAFB3489 /* Pods */ = {
			isa = PBXGroup;
			children = (
				B7909DE342A14DD2CF2B8C2C /* Pods-Api.debug.xcconfig */,
				3CFA8912C39323E7FEF86CBC /* Pods-Api.release.xcconfig */,
			);
			path = Pods;
			sourceTree = "<group>";
		};
		58885DED247439AD00BD1089 = {
			isa = PBXGroup;
			children = (
				58885DF8247439AD00BD1089 /* Api */,
				58885DF7247439AD00BD1089 /* Products */,
				54EF513D292CB10AAAFB3489 /* Pods */,
				DBAC3C1B12D961044A24E105 /* Frameworks */,
			);
			sourceTree = "<group>";
		};
		58885DF7247439AD00BD1089 /* Products */ = {
			isa = PBXGroup;
			children = (
				58885DF6247439AD00BD1089 /* Api.app */,
			);
			name = Products;
			sourceTree = "<group>";
		};
		58885DF8247439AD00BD1089 /* Api */ = {
			isa = PBXGroup;
			children = (
				58885DF9247439AD00BD1089 /* AppDelegate.swift */,
				58885DFB247439AD00BD1089 /* ViewController.swift */,
				58885DFD247439AD00BD1089 /* Main.storyboard */,
				58885E00247439AD00BD1089 /* Assets.xcassets */,
				58885E02247439AD00BD1089 /* LaunchScreen.storyboard */,
				58885E05247439AD00BD1089 /* Info.plist */,
				586113F124743FDC0046D472 /* CollectionViewCell.swift */,
			);
			path = Api;
			sourceTree = "<group>";
		};
		DBAC3C1B12D961044A24E105 /* Frameworks */ = {
			isa = PBXGroup;
			children = (
				9E247D272FA029EE7F342FAD /* Pods_Api.framework */,
			);
			name = Frameworks;
			sourceTree = "<group>";
		};
/* End PBXGroup section */

/* Begin PBXNativeTarget section */
		58885DF5247439AD00BD1089 /* Api */ = {
			isa = PBXNativeTarget;
			buildConfigurationList = 58885E08247439AD00BD1089 /* Build configuration list for PBXNativeTarget "Api" */;
			buildPhases = (
				82C04FC5324BCA8958000F2C /* [CP] Check Pods Manifest.lock */,
				58885DF2247439AD00BD1089 /* Sources */,
				58885DF3247439AD00BD1089 /* Frameworks */,
				58885DF4247439AD00BD1089 /* Resources */,
				7CC1E68E0BE4CB2F9289B871 /* [CP] Embed Pods Frameworks */,
			);
			buildRules = (
			);
			dependencies = (
			);
			name = Api;
			productName = Api;
			productReference = 58885DF6247439AD00BD1089 /* Api.app */;
			productType = "com.apple.product-type.application";
		};
/* End PBXNativeTarget section */

/* Begin PBXProject section */
		58885DEE247439AD00BD1089 /* Project object */ = {
			isa = PBXProject;
			attributes = {
				LastSwiftUpdateCheck = 0900;
				LastUpgradeCheck = 0900;
				ORGANIZATIONNAME = TaniaLebed;
				TargetAttributes = {
					58885DF5247439AD00BD1089 = {
						CreatedOnToolsVersion = 9.0;
						ProvisioningStyle = Automatic;
					};
				};
			};
			buildConfigurationList = 58885DF1247439AD00BD1089 /* Build configuration list for PBXProject "Api" */;
			compatibilityVersion = "Xcode 8.0";
			developmentRegion = en;
			hasScannedForEncodings = 0;
			knownRegions = (
				en,
				Base,
			);
			mainGroup = 58885DED247439AD00BD1089;
			productRefGroup = 58885DF7247439AD00BD1089 /* Products */;
			projectDirPath = "";
			projectRoot = "";
			targets = (
				58885DF5247439AD00BD1089 /* Api */,
			);
		};
/* End PBXProject section */

/* Begin PBXResourcesBuildPhase section */
		58885DF4247439AD00BD1089 /* Resources */ = {
			isa = PBXResourcesBuildPhase;
			buildActionMask = 2147483647;
			files = (
				58885E04247439AD00BD1089 /* LaunchScreen.storyboard in Resources */,
				58885E01247439AD00BD1089 /* Assets.xcassets in Resources */,
				58885DFF247439AD00BD1089 /* Main.storyboard in Resources */,
			);
			runOnlyForDeploymentPostprocessing = 0;
		};
/* End PBXResourcesBuildPhase section */

/* Begin PBXShellScriptBuildPhase section */
		7CC1E68E0BE4CB2F9289B871 /* [CP] Embed Pods Frameworks */ = {
			isa = PBXShellScriptBuildPhase;
			buildActionMask = 2147483647;
			files = (
			);
			inputPaths = (
				"${PODS_ROOT}/Target Support Files/Pods-Api/Pods-Api-frameworks.sh",
				"${BUILT_PRODUCTS_DIR}/SDWebImage/SDWebImage.framework",
			);
			name = "[CP] Embed Pods Frameworks";
			outputPaths = (
				"${TARGET_BUILD_DIR}/${FRAMEWORKS_FOLDER_PATH}/SDWebImage.framework",
			);
			runOnlyForDeploymentPostprocessing = 0;
			shellPath = /bin/sh;
			shellScript = "\"${PODS_ROOT}/Target Support Files/Pods-Api/Pods-Api-frameworks.sh\"\n";
			showEnvVarsInLog = 0;
		};
		82C04FC5324BCA8958000F2C /* [CP] Check Pods Manifest.lock */ = {
			isa = PBXShellScriptBuildPhase;
			buildActionMask = 2147483647;
			files = (
			);
			inputPaths = (
				"${PODS_PODFILE_DIR_PATH}/Podfile.lock",
				"${PODS_ROOT}/Manifest.lock",
			);
			name = "[CP] Check Pods Manifest.lock";
			outputPaths = (
				"$(DERIVED_FILE_DIR)/Pods-Api-checkManifestLockResult.txt",
			);
			runOnlyForDeploymentPostprocessing = 0;
			shellPath = /bin/sh;
			shellScript = "diff \"${PODS_PODFILE_DIR_PATH}/Podfile.lock\" \"${PODS_ROOT}/Manifest.lock\" > /dev/null\nif [ $? != 0 ] ; then\n    # print error to STDERR\n    echo \"error: The sandbox is not in sync with the Podfile.lock. Run 'pod install' or update your CocoaPods installation.\" >&2\n    exit 1\nfi\n# This output is used by Xcode 'outputs' to avoid re-running this script phase.\necho \"SUCCESS\" > \"${SCRIPT_OUTPUT_FILE_0}\"\n";
			showEnvVarsInLog = 0;
		};
/* End PBXShellScriptBuildPhase section */

/* Begin PBXSourcesBuildPhase section */
		58885DF2247439AD00BD1089 /* Sources */ = {
			isa = PBXSourcesBuildPhase;
			buildActionMask = 2147483647;
			files = (
				58885DFC247439AD00BD1089 /* ViewController.swift in Sources */,
				58885DFA247439AD00BD1089 /* AppDelegate.swift in Sources */,
				586113F224743FDC0046D472 /* CollectionViewCell.swift in Sources */,
			);
			runOnlyForDeploymentPostprocessing = 0;
		};
/* End PBXSourcesBuildPhase section */

/* Begin PBXVariantGroup section */
		58885DFD247439AD00BD1089 /* Main.storyboard */ = {
			isa = PBXVariantGroup;
			children = (
				58885DFE247439AD00BD1089 /* Base */,
			);
			name = Main.storyboard;
			sourceTree = "<group>";
		};
		58885E02247439AD00BD1089 /* LaunchScreen.storyboard */ = {
			isa = PBXVariantGroup;
			children = (
				58885E03247439AD00BD1089 /* Base */,
			);
			name = LaunchScreen.storyboard;
			sourceTree = "<group>";
		};
/* End PBXVariantGroup section */

/* Begin XCBuildConfiguration section */
		58885E06247439AD00BD1089 /* Debug */ = {
			isa = XCBuildConfiguration;
			buildSettings = {
				ALWAYS_SEARCH_USER_PATHS = NO;
				CLANG_ANALYZER_NONNULL = YES;
				CLANG_ANALYZER_NUMBER_OBJECT_CONVERSION = YES_AGGRESSIVE;
				CLANG_CXX_LANGUAGE_STANDARD = "gnu++14";
				CLANG_CXX_LIBRARY = "libc++";
				CLANG_ENABLE_MODULES = YES;
				CLANG_ENABLE_OBJC_ARC = YES;
				CLANG_WARN_BLOCK_CAPTURE_AUTORELEASING = YES;
				CLANG_WARN_BOOL_CONVERSION = YES;
				CLANG_WARN_COMMA = YES;
				CLANG_WARN_CONSTANT_CONVERSION = YES;
				CLANG_WARN_DIRECT_OBJC_ISA_USAGE = YES_ERROR;
				CLANG_WARN_DOCUMENTATION_COMMENTS = YES;
				CLANG_WARN_EMPTY_BODY = YES;
				CLANG_WARN_ENUM_CONVERSION = YES;
				CLANG_WARN_INFINITE_RECURSION = YES;
				CLANG_WARN_INT_CONVERSION = YES;
				CLANG_WARN_NON_LITERAL_NULL_CONVERSION = YES;
				CLANG_WARN_OBJC_LITERAL_CONVERSION = YES;
				CLANG_WARN_OBJC_ROOT_CLASS = YES_ERROR;
				CLANG_WARN_RANGE_LOOP_ANALYSIS = YES;
				CLANG_WARN_STRICT_PROTOTYPES = YES;
				CLANG_WARN_SUSPICIOUS_MOVE = YES;
				CLANG_WARN_UNGUARDED_AVAILABILITY = YES_AGGRESSIVE;
				CLANG_WARN_UNREACHABLE_CODE = YES;
				CLANG_WARN__DUPLICATE_METHOD_MATCH = YES;
				CODE_SIGN_IDENTITY = "iPhone Developer";
				COPY_PHASE_STRIP = NO;
				DEBUG_INFORMATION_FORMAT = dwarf;
				ENABLE_STRICT_OBJC_MSGSEND = YES;
				ENABLE_TESTABILITY = YES;
				GCC_C_LANGUAGE_STANDARD = gnu11;
				GCC_DYNAMIC_NO_PIC = NO;
				GCC_NO_COMMON_BLOCKS = YES;
				GCC_OPTIMIZATION_LEVEL = 0;
				GCC_PREPROCESSOR_DEFINITIONS = (
					"DEBUG=1",
					"$(inherited)",
				);
				GCC_WARN_64_TO_32_BIT_CONVERSION = YES;
				GCC_WARN_ABOUT_RETURN_TYPE = YES_ERROR;
				GCC_WARN_UNDECLARED_SELECTOR = YES;
				GCC_WARN_UNINITIALIZED_AUTOS = YES_AGGRESSIVE;
				GCC_WARN_UNUSED_FUNCTION = YES;
				GCC_WARN_UNUSED_VARIABLE = YES;
				IPHONEOS_DEPLOYMENT_TARGET = 11.0;
				MTL_ENABLE_DEBUG_INFO = YES;
				ONLY_ACTIVE_ARCH = YES;
				SDKROOT = iphoneos;
				SWIFT_ACTIVE_COMPILATION_CONDITIONS = DEBUG;
				SWIFT_OPTIMIZATION_LEVEL = "-Onone";
			};
			name = Debug;
		};
		58885E07247439AD00BD1089 /* Release */ = {
			isa = XCBuildConfiguration;
			buildSettings = {
				ALWAYS_SEARCH_USER_PATHS = NO;
				CLANG_ANALYZER_NONNULL = YES;
				CLANG_ANALYZER_NUMBER_OBJECT_CONVERSION = YES_AGGRESSIVE;
				CLANG_CXX_LANGUAGE_STANDARD = "gnu++14";
				CLANG_CXX_LIBRARY = "libc++";
				CLANG_ENABLE_MODULES = YES;
				CLANG_ENABLE_OBJC_ARC = YES;
				CLANG_WARN_BLOCK_CAPTURE_AUTORELEASING = YES;
				CLANG_WARN_BOOL_CONVERSION = YES;
				CLANG_WARN_COMMA = YES;
				CLANG_WARN_CONSTANT_CONVERSION = YES;
				CLANG_WARN_DIRECT_OBJC_ISA_USAGE = YES_ERROR;
				CLANG_WARN_DOCUMENTATION_COMMENTS = YES;
				CLANG_WARN_EMPTY_BODY = YES;
				CLANG_WARN_ENUM_CONVERSION = YES;
				CLANG_WARN_INFINITE_RECURSION = YES;
				CLANG_WARN_INT_CONVERSION = YES;
				CLANG_WARN_NON_LITERAL_NULL_CONVERSION = YES;
				CLANG_WARN_OBJC_LITERAL_CONVERSION = YES;
				CLANG_WARN_OBJC_ROOT_CLASS = YES_ERROR;
				CLANG_WARN_RANGE_LOOP_ANALYSIS = YES;
				CLANG_WARN_STRICT_PROTOTYPES = YES;
				CLANG_WARN_SUSPICIOUS_MOVE = YES;
				CLANG_WARN_UNGUARDED_AVAILABILITY = YES_AGGRESSIVE;
				CLANG_WARN_UNREACHABLE_CODE = YES;
				CLANG_WARN__DUPLICATE_METHOD_MATCH = YES;
				CODE_SIGN_IDENTITY = "iPhone Developer";
				COPY_PHASE_STRIP = NO;
				DEBUG_INFORMATION_FORMAT = "dwarf-with-dsym";
				ENABLE_NS_ASSERTIONS = NO;
				ENABLE_STRICT_OBJC_MSGSEND = YES;
				GCC_C_LANGUAGE_STANDARD = gnu11;
				GCC_NO_COMMON_BLOCKS = YES;
				GCC_WARN_64_TO_32_BIT_CONVERSION = YES;
				GCC_WARN_ABOUT_RETURN_TYPE = YES_ERROR;
				GCC_WARN_UNDECLARED_SELECTOR = YES;
				GCC_WARN_UNINITIALIZED_AUTOS = YES_AGGRESSIVE;
				GCC_WARN_UNUSED_FUNCTION = YES;
				GCC_WARN_UNUSED_VARIABLE = YES;
				IPHONEOS_DEPLOYMENT_TARGET = 11.0;
				MTL_ENABLE_DEBUG_INFO = NO;
				SDKROOT = iphoneos;
				SWIFT_OPTIMIZATION_LEVEL = "-Owholemodule";
				VALIDATE_PRODUCT = YES;
			};
			name = Release;
		};
		58885E09247439AD00BD1089 /* Debug */ = {
			isa = XCBuildConfiguration;
			baseConfigurationReference = B7909DE342A14DD2CF2B8C2C /* Pods-Api.debug.xcconfig */;
			buildSettings = {
				ASSETCATALOG_COMPILER_APPICON_NAME = AppIcon;
				CODE_SIGN_STYLE = Automatic;
				INFOPLIST_FILE = Api/Info.plist;
				LD_RUNPATH_SEARCH_PATHS = "$(inherited) @executable_path/Frameworks";
				PRODUCT_BUNDLE_IDENTIFIER = com.TaniaLebed.Api;
				PRODUCT_NAME = "$(TARGET_NAME)";
				SWIFT_VERSION = 4.0;
				TARGETED_DEVICE_FAMILY = "1,2";
			};
			name = Debug;
		};
		58885E0A247439AD00BD1089 /* Release */ = {
			isa = XCBuildConfiguration;
			baseConfigurationReference = 3CFA8912C39323E7FEF86CBC /* Pods-Api.release.xcconfig */;
			buildSettings = {
				ASSETCATALOG_COMPILER_APPICON_NAME = AppIcon;
				CODE_SIGN_STYLE = Automatic;
				INFOPLIST_FILE = Api/Info.plist;
				LD_RUNPATH_SEARCH_PATHS = "$(inherited) @executable_path/Frameworks";
				PRODUCT_BUNDLE_IDENTIFIER = com.TaniaLebed.Api;
				PRODUCT_NAME = "$(TARGET_NAME)";
				SWIFT_VERSION = 4.0;
				TARGETED_DEVICE_FAMILY = "1,2";
			};
			name = Release;
		};
/* End XCBuildConfiguration section */

/* Begin XCConfigurationList section */
		58885DF1247439AD00BD1089 /* Build configuration list for PBXProject "Api" */ = {
			isa = XCConfigurationList;
			buildConfigurations = (
				58885E06247439AD00BD1089 /* Debug */,
				58885E07247439AD00BD1089 /* Release */,
			);
			defaultConfigurationIsVisible = 0;
			defaultConfigurationName = Release;
		};
		58885E08247439AD00BD1089 /* Build configuration list for PBXNativeTarget "Api" */ = {
			isa = XCConfigurationList;
			buildConfigurations = (
				58885E09247439AD00BD1089 /* Debug */,
				58885E0A247439AD00BD1089 /* Release */,
			);
			defaultConfigurationIsVisible = 0;
			defaultConfigurationName = Release;
		};
/* End XCConfigurationList section */
	};
	rootObject = 58885DEE247439AD00BD1089 /* Project object */;
}
